
Microsoft Visual Studio Solution File, Format Version 12.00
# Visual Studio 15
VisualStudioVersion = 15.0.27428.2027
MinimumVisualStudioVersion = 10.0.40219.1
Project("{FAE04EC0-301F-11D3-BF4B-00C04F79EFBC}") = "ProductRepositoryApp", "ProductRepositoryApp\ProductRepositoryApp.csproj", "{B04217BD-6287-4F0F-85F6-2C9C7560F07D}"
EndProject
Global
	GlobalSection(SolutionConfigurationPlatforms) = preSolution
		Debug|Any CPU = Debug|Any CPU
		Release|Any CPU = Release|Any CPU
	EndGlobalSection
	GlobalSection(ProjectConfigurationPlatforms) = postSolution
		{B04217BD-6287-4F0F-85F6-2C9C7560F07D}.Debug|Any CPU.ActiveCfg = Debug|Any CPU
		{B04217BD-6287-4F0F-85F6-2C9C7560F07D}.Debug|Any CPU.Build.0 = Debug|Any CPU
		{B04217BD-6287-4F0F-85F6-2C9C7560F07D}.Release|Any CPU.ActiveCfg = Release|Any CPU
		{B04217BD-6287-4F0F-85F6-2C9C7560F07D}.Release|Any CPU.Build.0 = Release|Any CPU
	EndGlobalSection
	GlobalSection(SolutionProperties) = preSolution
		HideSolutionNode = FALSE
	EndGlobalSection
	GlobalSection(ExtensibilityGlobals) = postSolution
		SolutionGuid = {F8E8CC4D-93D6-4DB1-B76D-384DD0123897}
	EndGlobalSection
EndGlobal
